// !$*UTF8*$!
{
	archiveVersion = 1;
	classes = {
	};
	objectVersion = 56;
	objects = {

/* Begin PBXBuildFile section */
		9D5CC0502C34B77F0075D785 /* AppDelegate.swift in Sources */ = {isa = PBXBuildFile; fileRef = 9D5CC04F2C34B77F0075D785 /* AppDelegate.swift */; };
		9D5CC0522C34B77F0075D785 /* SceneDelegate.swift in Sources */ = {isa = PBXBuildFile; fileRef = 9D5CC0512C34B77F0075D785 /* SceneDelegate.swift */; };
		9D5CC0542C34B77F0075D785 /* MainTabBarViewController.swift in Sources */ = {isa = PBXBuildFile; fileRef = 9D5CC0532C34B77F0075D785 /* MainTabBarViewController.swift */; };
		9D5CC05A2C34B77F0075D785 /* NETFLIX_CLONE.xcdatamodeld in Sources */ = {isa = PBXBuildFile; fileRef = 9D5CC0582C34B77F0075D785 /* NETFLIX_CLONE.xcdatamodeld */; };
		9D5CC05C2C34B7820075D785 /* Assets.xcassets in Resources */ = {isa = PBXBuildFile; fileRef = 9D5CC05B2C34B7820075D785 /* Assets.xcassets */; };
		9D5CC05F2C34B7820075D785 /* Base in Resources */ = {isa = PBXBuildFile; fileRef = 9D5CC05E2C34B7820075D785 /* Base */; };
		9D5CC06A2C34B7820075D785 /* NETFLIX_CLONETests.swift in Sources */ = {isa = PBXBuildFile; fileRef = 9D5CC0692C34B7820075D785 /* NETFLIX_CLONETests.swift */; };
		9D5CC0742C34B7820075D785 /* NETFLIX_CLONEUITests.swift in Sources */ = {isa = PBXBuildFile; fileRef = 9D5CC0732C34B7820075D785 /* NETFLIX_CLONEUITests.swift */; };
		9D5CC0762C34B7820075D785 /* NETFLIX_CLONEUITestsLaunchTests.swift in Sources */ = {isa = PBXBuildFile; fileRef = 9D5CC0752C34B7820075D785 /* NETFLIX_CLONEUITestsLaunchTests.swift */; };
		9D5CC0842C34D6380075D785 /* HomeViewController.swift in Sources */ = {isa = PBXBuildFile; fileRef = 9D5CC0832C34D6380075D785 /* HomeViewController.swift */; };
		9D5CC0862C34D6420075D785 /* UpcomingViewController.swift in Sources */ = {isa = PBXBuildFile; fileRef = 9D5CC0852C34D6420075D785 /* UpcomingViewController.swift */; };
		9D5CC0882C34D64C0075D785 /* SearchViewController.swift in Sources */ = {isa = PBXBuildFile; fileRef = 9D5CC0872C34D64C0075D785 /* SearchViewController.swift */; };
		9D5CC08A2C34D68D0075D785 /* DownloadsViewController.swift in Sources */ = {isa = PBXBuildFile; fileRef = 9D5CC0892C34D68D0075D785 /* DownloadsViewController.swift */; };
		9D5CC0902C34FAD50075D785 /* CollectionViewTableViewCell.swift in Sources */ = {isa = PBXBuildFile; fileRef = 9D5CC08F2C34FAD50075D785 /* CollectionViewTableViewCell.swift */; };
		9D5CC0922C34FF020075D785 /* HeroHeaderUIView.swift in Sources */ = {isa = PBXBuildFile; fileRef = 9D5CC0912C34FF020075D785 /* HeroHeaderUIView.swift */; };
		9D5CC0942C3588CA0075D785 /* APICaller.swift in Sources */ = {isa = PBXBuildFile; fileRef = 9D5CC0932C3588CA0075D785 /* APICaller.swift */; };
		9D5CC0962C363D320075D785 /* Title.swift in Sources */ = {isa = PBXBuildFile; fileRef = 9D5CC0952C363D320075D785 /* Title.swift */; };
		9D5CC0992C36588F0075D785 /* Extensions.swift in Sources */ = {isa = PBXBuildFile; fileRef = 9D5CC0982C36588F0075D785 /* Extensions.swift */; };
		9D5CC09B2C365EF60075D785 /* TitleCollectionViewCell.swift in Sources */ = {isa = PBXBuildFile; fileRef = 9D5CC09A2C365EF60075D785 /* TitleCollectionViewCell.swift */; };
		9D5CC09E2C365FD30075D785 /* SDWebImage in Frameworks */ = {isa = PBXBuildFile; productRef = 9D5CC09D2C365FD30075D785 /* SDWebImage */; };
		9D5CC0A02C365FD30075D785 /* SDWebImageMapKit in Frameworks */ = {isa = PBXBuildFile; productRef = 9D5CC09F2C365FD30075D785 /* SDWebImageMapKit */; };
		9D5CC0A22C37233D0075D785 /* TitleTableViewCell.swift in Sources */ = {isa = PBXBuildFile; fileRef = 9D5CC0A12C37233D0075D785 /* TitleTableViewCell.swift */; };
		9D5CC0A42C37254A0075D785 /* TitleViewModel.swift in Sources */ = {isa = PBXBuildFile; fileRef = 9D5CC0A32C37254A0075D785 /* TitleViewModel.swift */; };
		9D5CC0A62C3737420075D785 /* SearchResultsViewController.swift in Sources */ = {isa = PBXBuildFile; fileRef = 9D5CC0A52C3737420075D785 /* SearchResultsViewController.swift */; };
		9D5CC0A82C3BC6570075D785 /* YoutubeSearchResponse.swift in Sources */ = {isa = PBXBuildFile; fileRef = 9D5CC0A72C3BC6570075D785 /* YoutubeSearchResponse.swift */; };
/* End PBXBuildFile section */

/* Begin PBXContainerItemProxy section */
		9D5CC0662C34B7820075D785 /* PBXContainerItemProxy */ = {
			isa = PBXContainerItemProxy;
			containerPortal = 9D5CC0442C34B77F0075D785 /* Project object */;
			proxyType = 1;
			remoteGlobalIDString = 9D5CC04B2C34B77F0075D785;
			remoteInfo = NETFLIX_CLONE;
		};
		9D5CC0702C34B7820075D785 /* PBXContainerItemProxy */ = {
			isa = PBXContainerItemProxy;
			containerPortal = 9D5CC0442C34B77F0075D785 /* Project object */;
			proxyType = 1;
			remoteGlobalIDString = 9D5CC04B2C34B77F0075D785;
			remoteInfo = NETFLIX_CLONE;
		};
/* End PBXContainerItemProxy section */

/* Begin PBXFileReference section */
		9D5CC04C2C34B77F0075D785 /* NETFLIX_CLONE.app */ = {isa = PBXFileReference; explicitFileType = wrapper.application; includeInIndex = 0; path = NETFLIX_CLONE.app; sourceTree = BUILT_PRODUCTS_DIR; };
		9D5CC04F2C34B77F0075D785 /* AppDelegate.swift */ = {isa = PBXFileReference; lastKnownFileType = sourcecode.swift; path = AppDelegate.swift; sourceTree = "<group>"; };
		9D5CC0512C34B77F0075D785 /* SceneDelegate.swift */ = {isa = PBXFileReference; lastKnownFileType = sourcecode.swift; path = SceneDelegate.swift; sourceTree = "<group>"; };
		9D5CC0532C34B77F0075D785 /* MainTabBarViewController.swift */ = {isa = PBXFileReference; lastKnownFileType = sourcecode.swift; path = MainTabBarViewController.swift; sourceTree = "<group>"; };
		9D5CC0592C34B77F0075D785 /* NETFLIX_CLONE.xcdatamodel */ = {isa = PBXFileReference; lastKnownFileType = wrapper.xcdatamodel; path = NETFLIX_CLONE.xcdatamodel; sourceTree = "<group>"; };
		9D5CC05B2C34B7820075D785 /* Assets.xcassets */ = {isa = PBXFileReference; lastKnownFileType = folder.assetcatalog; path = Assets.xcassets; sourceTree = "<group>"; };
		9D5CC05E2C34B7820075D785 /* Base */ = {isa = PBXFileReference; lastKnownFileType = file.storyboard; name = Base; path = Base.lproj/LaunchScreen.storyboard; sourceTree = "<group>"; };
		9D5CC0602C34B7820075D785 /* Info.plist */ = {isa = PBXFileReference; lastKnownFileType = text.plist.xml; path = Info.plist; sourceTree = "<group>"; };
		9D5CC0652C34B7820075D785 /* NETFLIX_CLONETests.xctest */ = {isa = PBXFileReference; explicitFileType = wrapper.cfbundle; includeInIndex = 0; path = NETFLIX_CLONETests.xctest; sourceTree = BUILT_PRODUCTS_DIR; };
		9D5CC0692C34B7820075D785 /* NETFLIX_CLONETests.swift */ = {isa = PBXFileReference; lastKnownFileType = sourcecode.swift; path = NETFLIX_CLONETests.swift; sourceTree = "<group>"; };
		9D5CC06F2C34B7820075D785 /* NETFLIX_CLONEUITests.xctest */ = {isa = PBXFileReference; explicitFileType = wrapper.cfbundle; includeInIndex = 0; path = NETFLIX_CLONEUITests.xctest; sourceTree = BUILT_PRODUCTS_DIR; };
		9D5CC0732C34B7820075D785 /* NETFLIX_CLONEUITests.swift */ = {isa = PBXFileReference; lastKnownFileType = sourcecode.swift; path = NETFLIX_CLONEUITests.swift; sourceTree = "<group>"; };
		9D5CC0752C34B7820075D785 /* NETFLIX_CLONEUITestsLaunchTests.swift */ = {isa = PBXFileReference; lastKnownFileType = sourcecode.swift; path = NETFLIX_CLONEUITestsLaunchTests.swift; sourceTree = "<group>"; };
		9D5CC0832C34D6380075D785 /* HomeViewController.swift */ = {isa = PBXFileReference; lastKnownFileType = sourcecode.swift; path = HomeViewController.swift; sourceTree = "<group>"; };
		9D5CC0852C34D6420075D785 /* UpcomingViewController.swift */ = {isa = PBXFileReference; lastKnownFileType = sourcecode.swift; path = UpcomingViewController.swift; sourceTree = "<group>"; };
		9D5CC0872C34D64C0075D785 /* SearchViewController.swift */ = {isa = PBXFileReference; lastKnownFileType = sourcecode.swift; path = SearchViewController.swift; sourceTree = "<group>"; };
		9D5CC0892C34D68D0075D785 /* DownloadsViewController.swift */ = {isa = PBXFileReference; lastKnownFileType = sourcecode.swift; path = DownloadsViewController.swift; sourceTree = "<group>"; };
		9D5CC08F2C34FAD50075D785 /* CollectionViewTableViewCell.swift */ = {isa = PBXFileReference; lastKnownFileType = sourcecode.swift; path = CollectionViewTableViewCell.swift; sourceTree = "<group>"; };
		9D5CC0912C34FF020075D785 /* HeroHeaderUIView.swift */ = {isa = PBXFileReference; lastKnownFileType = sourcecode.swift; path = HeroHeaderUIView.swift; sourceTree = "<group>"; };
		9D5CC0932C3588CA0075D785 /* APICaller.swift */ = {isa = PBXFileReference; lastKnownFileType = sourcecode.swift; path = APICaller.swift; sourceTree = "<group>"; };
		9D5CC0952C363D320075D785 /* Title.swift */ = {isa = PBXFileReference; lastKnownFileType = sourcecode.swift; path = Title.swift; sourceTree = "<group>"; };
		9D5CC0982C36588F0075D785 /* Extensions.swift */ = {isa = PBXFileReference; lastKnownFileType = sourcecode.swift; path = Extensions.swift; sourceTree = "<group>"; };
		9D5CC09A2C365EF60075D785 /* TitleCollectionViewCell.swift */ = {isa = PBXFileReference; lastKnownFileType = sourcecode.swift; path = TitleCollectionViewCell.swift; sourceTree = "<group>"; };
		9D5CC0A12C37233D0075D785 /* TitleTableViewCell.swift */ = {isa = PBXFileReference; lastKnownFileType = sourcecode.swift; path = TitleTableViewCell.swift; sourceTree = "<group>"; };
		9D5CC0A32C37254A0075D785 /* TitleViewModel.swift */ = {isa = PBXFileReference; lastKnownFileType = sourcecode.swift; path = TitleViewModel.swift; sourceTree = "<group>"; };
		9D5CC0A52C3737420075D785 /* SearchResultsViewController.swift */ = {isa = PBXFileReference; lastKnownFileType = sourcecode.swift; path = SearchResultsViewController.swift; sourceTree = "<group>"; };
		9D5CC0A72C3BC6570075D785 /* YoutubeSearchResponse.swift */ = {isa = PBXFileReference; lastKnownFileType = sourcecode.swift; path = YoutubeSearchResponse.swift; sourceTree = "<group>"; };
/* End PBXFileReference section */

/* Begin PBXFrameworksBuildPhase section */
		9D5CC0492C34B77F0075D785 /* Frameworks */ = {
			isa = PBXFrameworksBuildPhase;
			buildActionMask = 2147483647;
			files = (
				9D5CC0A02C365FD30075D785 /* SDWebImageMapKit in Frameworks */,
				9D5CC09E2C365FD30075D785 /* SDWebImage in Frameworks */,
			);
			runOnlyForDeploymentPostprocessing = 0;
		};
		9D5CC0622C34B7820075D785 /* Frameworks */ = {
			isa = PBXFrameworksBuildPhase;
			buildActionMask = 2147483647;
			files = (
			);
			runOnlyForDeploymentPostprocessing = 0;
		};
		9D5CC06C2C34B7820075D785 /* Frameworks */ = {
			isa = PBXFrameworksBuildPhase;
			buildActionMask = 2147483647;
			files = (
			);
			runOnlyForDeploymentPostprocessing = 0;
		};
/* End PBXFrameworksBuildPhase section */

/* Begin PBXGroup section */
		9D5CC0432C34B77F0075D785 = {
			isa = PBXGroup;
			children = (
				9D5CC04E2C34B77F0075D785 /* NETFLIX_CLONE */,
				9D5CC0682C34B7820075D785 /* NETFLIX_CLONETests */,
				9D5CC0722C34B7820075D785 /* NETFLIX_CLONEUITests */,
				9D5CC04D2C34B77F0075D785 /* Products */,
			);
			sourceTree = "<group>";
		};
		9D5CC04D2C34B77F0075D785 /* Products */ = {
			isa = PBXGroup;
			children = (
				9D5CC04C2C34B77F0075D785 /* NETFLIX_CLONE.app */,
				9D5CC0652C34B7820075D785 /* NETFLIX_CLONETests.xctest */,
				9D5CC06F2C34B7820075D785 /* NETFLIX_CLONEUITests.xctest */,
			);
			name = Products;
			sourceTree = "<group>";
		};
		9D5CC04E2C34B77F0075D785 /* NETFLIX_CLONE */ = {
			isa = PBXGroup;
			children = (
				9D5CC0972C36587D0075D785 /* Resources */,
				9D5CC08E2C34FAAD0075D785 /* Managers */,
				9D5CC08D2C34FAA00075D785 /* Models */,
				9D5CC08C2C34FA9B0075D785 /* Views */,
				9D5CC08B2C34FA950075D785 /* ViewModels */,
				9D5CC0822C34D6170075D785 /* Controller */,
				9D5CC04F2C34B77F0075D785 /* AppDelegate.swift */,
				9D5CC0512C34B77F0075D785 /* SceneDelegate.swift */,
				9D5CC05B2C34B7820075D785 /* Assets.xcassets */,
				9D5CC05D2C34B7820075D785 /* LaunchScreen.storyboard */,
				9D5CC0602C34B7820075D785 /* Info.plist */,
				9D5CC0582C34B77F0075D785 /* NETFLIX_CLONE.xcdatamodeld */,
			);
			path = NETFLIX_CLONE;
			sourceTree = "<group>";
		};
		9D5CC0682C34B7820075D785 /* NETFLIX_CLONETests */ = {
			isa = PBXGroup;
			children = (
				9D5CC0692C34B7820075D785 /* NETFLIX_CLONETests.swift */,
			);
			path = NETFLIX_CLONETests;
			sourceTree = "<group>";
		};
		9D5CC0722C34B7820075D785 /* NETFLIX_CLONEUITests */ = {
			isa = PBXGroup;
			children = (
				9D5CC0732C34B7820075D785 /* NETFLIX_CLONEUITests.swift */,
				9D5CC0752C34B7820075D785 /* NETFLIX_CLONEUITestsLaunchTests.swift */,
			);
			path = NETFLIX_CLONEUITests;
			sourceTree = "<group>";
		};
		9D5CC0822C34D6170075D785 /* Controller */ = {
			isa = PBXGroup;
			children = (
				9D5CC0532C34B77F0075D785 /* MainTabBarViewController.swift */,
				9D5CC0832C34D6380075D785 /* HomeViewController.swift */,
				9D5CC0852C34D6420075D785 /* UpcomingViewController.swift */,
				9D5CC0872C34D64C0075D785 /* SearchViewController.swift */,
				9D5CC0892C34D68D0075D785 /* DownloadsViewController.swift */,
				9D5CC0A52C3737420075D785 /* SearchResultsViewController.swift */,
			);
			path = Controller;
			sourceTree = "<group>";
		};
		9D5CC08B2C34FA950075D785 /* ViewModels */ = {
			isa = PBXGroup;
			children = (
				9D5CC0A32C37254A0075D785 /* TitleViewModel.swift */,
			);
			path = ViewModels;
			sourceTree = "<group>";
		};
		9D5CC08C2C34FA9B0075D785 /* Views */ = {
			isa = PBXGroup;
			children = (
				9D5CC08F2C34FAD50075D785 /* CollectionViewTableViewCell.swift */,
				9D5CC0912C34FF020075D785 /* HeroHeaderUIView.swift */,
				9D5CC09A2C365EF60075D785 /* TitleCollectionViewCell.swift */,
				9D5CC0A12C37233D0075D785 /* TitleTableViewCell.swift */,
			);
			path = Views;
			sourceTree = "<group>";
		};
		9D5CC08D2C34FAA00075D785 /* Models */ = {
			isa = PBXGroup;
			children = (
				9D5CC0952C363D320075D785 /* Title.swift */,
				9D5CC0A72C3BC6570075D785 /* YoutubeSearchResponse.swift */,
			);
			path = Models;
			sourceTree = "<group>";
		};
		9D5CC08E2C34FAAD0075D785 /* Managers */ = {
			isa = PBXGroup;
			children = (
				9D5CC0932C3588CA0075D785 /* APICaller.swift */,
			);
			path = Managers;
			sourceTree = "<group>";
		};
		9D5CC0972C36587D0075D785 /* Resources */ = {
			isa = PBXGroup;
			children = (
				9D5CC0982C36588F0075D785 /* Extensions.swift */,
			);
			path = Resources;
			sourceTree = "<group>";
		};
/* End PBXGroup section */

/* Begin PBXNativeTarget section */
		9D5CC04B2C34B77F0075D785 /* NETFLIX_CLONE */ = {
			isa = PBXNativeTarget;
			buildConfigurationList = 9D5CC0792C34B7820075D785 /* Build configuration list for PBXNativeTarget "NETFLIX_CLONE" */;
			buildPhases = (
				9D5CC0482C34B77F0075D785 /* Sources */,
				9D5CC0492C34B77F0075D785 /* Frameworks */,
				9D5CC04A2C34B77F0075D785 /* Resources */,
			);
			buildRules = (
			);
			dependencies = (
			);
			name = NETFLIX_CLONE;
			packageProductDependencies = (
				9D5CC09D2C365FD30075D785 /* SDWebImage */,
				9D5CC09F2C365FD30075D785 /* SDWebImageMapKit */,
			);
			productName = NETFLIX_CLONE;
			productReference = 9D5CC04C2C34B77F0075D785 /* NETFLIX_CLONE.app */;
			productType = "com.apple.product-type.application";
		};
		9D5CC0642C34B7820075D785 /* NETFLIX_CLONETests */ = {
			isa = PBXNativeTarget;
			buildConfigurationList = 9D5CC07C2C34B7820075D785 /* Build configuration list for PBXNativeTarget "NETFLIX_CLONETests" */;
			buildPhases = (
				9D5CC0612C34B7820075D785 /* Sources */,
				9D5CC0622C34B7820075D785 /* Frameworks */,
				9D5CC0632C34B7820075D785 /* Resources */,
			);
			buildRules = (
			);
			dependencies = (
				9D5CC0672C34B7820075D785 /* PBXTargetDependency */,
			);
			name = NETFLIX_CLONETests;
			productName = NETFLIX_CLONETests;
			productReference = 9D5CC0652C34B7820075D785 /* NETFLIX_CLONETests.xctest */;
			productType = "com.apple.product-type.bundle.unit-test";
		};
		9D5CC06E2C34B7820075D785 /* NETFLIX_CLONEUITests */ = {
			isa = PBXNativeTarget;
			buildConfigurationList = 9D5CC07F2C34B7820075D785 /* Build configuration list for PBXNativeTarget "NETFLIX_CLONEUITests" */;
			buildPhases = (
				9D5CC06B2C34B7820075D785 /* Sources */,
				9D5CC06C2C34B7820075D785 /* Frameworks */,
				9D5CC06D2C34B7820075D785 /* Resources */,
			);
			buildRules = (
			);
			dependencies = (
				9D5CC0712C34B7820075D785 /* PBXTargetDependency */,
			);
			name = NETFLIX_CLONEUITests;
			productName = NETFLIX_CLONEUITests;
			productReference = 9D5CC06F2C34B7820075D785 /* NETFLIX_CLONEUITests.xctest */;
			productType = "com.apple.product-type.bundle.ui-testing";
		};
/* End PBXNativeTarget section */

/* Begin PBXProject section */
		9D5CC0442C34B77F0075D785 /* Project object */ = {
			isa = PBXProject;
			attributes = {
				BuildIndependentTargetsInParallel = 1;
				LastSwiftUpdateCheck = 1540;
				LastUpgradeCheck = 1540;
				TargetAttributes = {
					9D5CC04B2C34B77F0075D785 = {
						CreatedOnToolsVersion = 15.4;
					};
					9D5CC0642C34B7820075D785 = {
						CreatedOnToolsVersion = 15.4;
						TestTargetID = 9D5CC04B2C34B77F0075D785;
					};
					9D5CC06E2C34B7820075D785 = {
						CreatedOnToolsVersion = 15.4;
						TestTargetID = 9D5CC04B2C34B77F0075D785;
					};
				};
			};
			buildConfigurationList = 9D5CC0472C34B77F0075D785 /* Build configuration list for PBXProject "NETFLIX_CLONE" */;
			compatibilityVersion = "Xcode 14.0";
			developmentRegion = en;
			hasScannedForEncodings = 0;
			knownRegions = (
				en,
				Base,
			);
			mainGroup = 9D5CC0432C34B77F0075D785;
			packageReferences = (
				9D5CC09C2C365FD30075D785 /* XCRemoteSwiftPackageReference "SDWebImage" */,
			);
			productRefGroup = 9D5CC04D2C34B77F0075D785 /* Products */;
			projectDirPath = "";
			projectRoot = "";
			targets = (
				9D5CC04B2C34B77F0075D785 /* NETFLIX_CLONE */,
				9D5CC0642C34B7820075D785 /* NETFLIX_CLONETests */,
				9D5CC06E2C34B7820075D785 /* NETFLIX_CLONEUITests */,
			);
		};
/* End PBXProject section */

/* Begin PBXResourcesBuildPhase section */
		9D5CC04A2C34B77F0075D785 /* Resources */ = {
			isa = PBXResourcesBuildPhase;
			buildActionMask = 2147483647;
			files = (
				9D5CC05C2C34B7820075D785 /* Assets.xcassets in Resources */,
				9D5CC05F2C34B7820075D785 /* Base in Resources */,
			);
			runOnlyForDeploymentPostprocessing = 0;
		};
		9D5CC0632C34B7820075D785 /* Resources */ = {
			isa = PBXResourcesBuildPhase;
			buildActionMask = 2147483647;
			files = (
			);
			runOnlyForDeploymentPostprocessing = 0;
		};
		9D5CC06D2C34B7820075D785 /* Resources */ = {
			isa = PBXResourcesBuildPhase;
			buildActionMask = 2147483647;
			files = (
			);
			runOnlyForDeploymentPostprocessing = 0;
		};
/* End PBXResourcesBuildPhase section */

/* Begin PBXSourcesBuildPhase section */
		9D5CC0482C34B77F0075D785 /* Sources */ = {
			isa = PBXSourcesBuildPhase;
			buildActionMask = 2147483647;
			files = (
				9D5CC0862C34D6420075D785 /* UpcomingViewController.swift in Sources */,
				9D5CC0A62C3737420075D785 /* SearchResultsViewController.swift in Sources */,
				9D5CC0922C34FF020075D785 /* HeroHeaderUIView.swift in Sources */,
				9D5CC0962C363D320075D785 /* Title.swift in Sources */,
				9D5CC0882C34D64C0075D785 /* SearchViewController.swift in Sources */,
				9D5CC08A2C34D68D0075D785 /* DownloadsViewController.swift in Sources */,
				9D5CC0842C34D6380075D785 /* HomeViewController.swift in Sources */,
				9D5CC05A2C34B77F0075D785 /* NETFLIX_CLONE.xcdatamodeld in Sources */,
				9D5CC09B2C365EF60075D785 /* TitleCollectionViewCell.swift in Sources */,
				9D5CC0902C34FAD50075D785 /* CollectionViewTableViewCell.swift in Sources */,
				9D5CC0992C36588F0075D785 /* Extensions.swift in Sources */,
				9D5CC0A22C37233D0075D785 /* TitleTableViewCell.swift in Sources */,
				9D5CC0A82C3BC6570075D785 /* YoutubeSearchResponse.swift in Sources */,
				9D5CC0542C34B77F0075D785 /* MainTabBarViewController.swift in Sources */,
				9D5CC0942C3588CA0075D785 /* APICaller.swift in Sources */,
				9D5CC0A42C37254A0075D785 /* TitleViewModel.swift in Sources */,
				9D5CC0502C34B77F0075D785 /* AppDelegate.swift in Sources */,
				9D5CC0522C34B77F0075D785 /* SceneDelegate.swift in Sources */,
			);
			runOnlyForDeploymentPostprocessing = 0;
		};
		9D5CC0612C34B7820075D785 /* Sources */ = {
			isa = PBXSourcesBuildPhase;
			buildActionMask = 2147483647;
			files = (
				9D5CC06A2C34B7820075D785 /* NETFLIX_CLONETests.swift in Sources */,
			);
			runOnlyForDeploymentPostprocessing = 0;
		};
		9D5CC06B2C34B7820075D785 /* Sources */ = {
			isa = PBXSourcesBuildPhase;
			buildActionMask = 2147483647;
			files = (
				9D5CC0742C34B7820075D785 /* NETFLIX_CLONEUITests.swift in Sources */,
				9D5CC0762C34B7820075D785 /* NETFLIX_CLONEUITestsLaunchTests.swift in Sources */,
			);
			runOnlyForDeploymentPostprocessing = 0;
		};
/* End PBXSourcesBuildPhase section */

/* Begin PBXTargetDependency section */
		9D5CC0672C34B7820075D785 /* PBXTargetDependency */ = {
			isa = PBXTargetDependency;
			target = 9D5CC04B2C34B77F0075D785 /* NETFLIX_CLONE */;
			targetProxy = 9D5CC0662C34B7820075D785 /* PBXContainerItemProxy */;
		};
		9D5CC0712C34B7820075D785 /* PBXTargetDependency */ = {
			isa = PBXTargetDependency;
			target = 9D5CC04B2C34B77F0075D785 /* NETFLIX_CLONE */;
			targetProxy = 9D5CC0702C34B7820075D785 /* PBXContainerItemProxy */;
		};
/* End PBXTargetDependency section */

/* Begin PBXVariantGroup section */
		9D5CC05D2C34B7820075D785 /* LaunchScreen.storyboard */ = {
			isa = PBXVariantGroup;
			children = (
				9D5CC05E2C34B7820075D785 /* Base */,
			);
			name = LaunchScreen.storyboard;
			sourceTree = "<group>";
		};
/* End PBXVariantGroup section */

/* Begin XCBuildConfiguration section */
		9D5CC0772C34B7820075D785 /* Debug */ = {
			isa = XCBuildConfiguration;
			buildSettings = {
				ALWAYS_SEARCH_USER_PATHS = NO;
				ASSETCATALOG_COMPILER_GENERATE_SWIFT_ASSET_SYMBOL_EXTENSIONS = YES;
				CLANG_ANALYZER_NONNULL = YES;
				CLANG_ANALYZER_NUMBER_OBJECT_CONVERSION = YES_AGGRESSIVE;
				CLANG_CXX_LANGUAGE_STANDARD = "gnu++20";
				CLANG_ENABLE_MODULES = YES;
				CLANG_ENABLE_OBJC_ARC = YES;
				CLANG_ENABLE_OBJC_WEAK = YES;
				CLANG_WARN_BLOCK_CAPTURE_AUTORELEASING = YES;
				CLANG_WARN_BOOL_CONVERSION = YES;
				CLANG_WARN_COMMA = YES;
				CLANG_WARN_CONSTANT_CONVERSION = YES;
				CLANG_WARN_DEPRECATED_OBJC_IMPLEMENTATIONS = YES;
				CLANG_WARN_DIRECT_OBJC_ISA_USAGE = YES_ERROR;
				CLANG_WARN_DOCUMENTATION_COMMENTS = YES;
				CLANG_WARN_EMPTY_BODY = YES;
				CLANG_WARN_ENUM_CONVERSION = YES;
				CLANG_WARN_INFINITE_RECURSION = YES;
				CLANG_WARN_INT_CONVERSION = YES;
				CLANG_WARN_NON_LITERAL_NULL_CONVERSION = YES;
				CLANG_WARN_OBJC_IMPLICIT_RETAIN_SELF = YES;
				CLANG_WARN_OBJC_LITERAL_CONVERSION = YES;
				CLANG_WARN_OBJC_ROOT_CLASS = YES_ERROR;
				CLANG_WARN_QUOTED_INCLUDE_IN_FRAMEWORK_HEADER = YES;
				CLANG_WARN_RANGE_LOOP_ANALYSIS = YES;
				CLANG_WARN_STRICT_PROTOTYPES = YES;
				CLANG_WARN_SUSPICIOUS_MOVE = YES;
				CLANG_WARN_UNGUARDED_AVAILABILITY = YES_AGGRESSIVE;
				CLANG_WARN_UNREACHABLE_CODE = YES;
				CLANG_WARN__DUPLICATE_METHOD_MATCH = YES;
				COPY_PHASE_STRIP = NO;
				DEBUG_INFORMATION_FORMAT = dwarf;
				ENABLE_STRICT_OBJC_MSGSEND = YES;
				ENABLE_TESTABILITY = YES;
				ENABLE_USER_SCRIPT_SANDBOXING = YES;
				GCC_C_LANGUAGE_STANDARD = gnu17;
				GCC_DYNAMIC_NO_PIC = NO;
				GCC_NO_COMMON_BLOCKS = YES;
				GCC_OPTIMIZATION_LEVEL = 0;
				GCC_PREPROCESSOR_DEFINITIONS = (
					"DEBUG=1",
					"$(inherited)",
				);
				GCC_WARN_64_TO_32_BIT_CONVERSION = YES;
				GCC_WARN_ABOUT_RETURN_TYPE = YES_ERROR;
				GCC_WARN_UNDECLARED_SELECTOR = YES;
				GCC_WARN_UNINITIALIZED_AUTOS = YES_AGGRESSIVE;
				GCC_WARN_UNUSED_FUNCTION = YES;
				GCC_WARN_UNUSED_VARIABLE = YES;
				IPHONEOS_DEPLOYMENT_TARGET = 16.0;
				LOCALIZATION_PREFERS_STRING_CATALOGS = YES;
				MTL_ENABLE_DEBUG_INFO = INCLUDE_SOURCE;
				MTL_FAST_MATH = YES;
				ONLY_ACTIVE_ARCH = YES;
				SDKROOT = iphoneos;
				SWIFT_ACTIVE_COMPILATION_CONDITIONS = "DEBUG $(inherited)";
				SWIFT_OPTIMIZATION_LEVEL = "-Onone";
			};
			name = Debug;
		};
		9D5CC0782C34B7820075D785 /* Release */ = {
			isa = XCBuildConfiguration;
			buildSettings = {
				ALWAYS_SEARCH_USER_PATHS = NO;
				ASSETCATALOG_COMPILER_GENERATE_SWIFT_ASSET_SYMBOL_EXTENSIONS = YES;
				CLANG_ANALYZER_NONNULL = YES;
				CLANG_ANALYZER_NUMBER_OBJECT_CONVERSION = YES_AGGRESSIVE;
				CLANG_CXX_LANGUAGE_STANDARD = "gnu++20";
				CLANG_ENABLE_MODULES = YES;
				CLANG_ENABLE_OBJC_ARC = YES;
				CLANG_ENABLE_OBJC_WEAK = YES;
				CLANG_WARN_BLOCK_CAPTURE_AUTORELEASING = YES;
				CLANG_WARN_BOOL_CONVERSION = YES;
				CLANG_WARN_COMMA = YES;
				CLANG_WARN_CONSTANT_CONVERSION = YES;
				CLANG_WARN_DEPRECATED_OBJC_IMPLEMENTATIONS = YES;
				CLANG_WARN_DIRECT_OBJC_ISA_USAGE = YES_ERROR;
				CLANG_WARN_DOCUMENTATION_COMMENTS = YES;
				CLANG_WARN_EMPTY_BODY = YES;
				CLANG_WARN_ENUM_CONVERSION = YES;
				CLANG_WARN_INFINITE_RECURSION = YES;
				CLANG_WARN_INT_CONVERSION = YES;
				CLANG_WARN_NON_LITERAL_NULL_CONVERSION = YES;
				CLANG_WARN_OBJC_IMPLICIT_RETAIN_SELF = YES;
				CLANG_WARN_OBJC_LITERAL_CONVERSION = YES;
				CLANG_WARN_OBJC_ROOT_CLASS = YES_ERROR;
				CLANG_WARN_QUOTED_INCLUDE_IN_FRAMEWORK_HEADER = YES;
				CLANG_WARN_RANGE_LOOP_ANALYSIS = YES;
				CLANG_WARN_STRICT_PROTOTYPES = YES;
				CLANG_WARN_SUSPICIOUS_MOVE = YES;
				CLANG_WARN_UNGUARDED_AVAILABILITY = YES_AGGRESSIVE;
				CLANG_WARN_UNREACHABLE_CODE = YES;
				CLANG_WARN__DUPLICATE_METHOD_MATCH = YES;
				COPY_PHASE_STRIP = NO;
				DEBUG_INFORMATION_FORMAT = "dwarf-with-dsym";
				ENABLE_NS_ASSERTIONS = NO;
				ENABLE_STRICT_OBJC_MSGSEND = YES;
				ENABLE_USER_SCRIPT_SANDBOXING = YES;
				GCC_C_LANGUAGE_STANDARD = gnu17;
				GCC_NO_COMMON_BLOCKS = YES;
				GCC_WARN_64_TO_32_BIT_CONVERSION = YES;
				GCC_WARN_ABOUT_RETURN_TYPE = YES_ERROR;
				GCC_WARN_UNDECLARED_SELECTOR = YES;
				GCC_WARN_UNINITIALIZED_AUTOS = YES_AGGRESSIVE;
				GCC_WARN_UNUSED_FUNCTION = YES;
				GCC_WARN_UNUSED_VARIABLE = YES;
				IPHONEOS_DEPLOYMENT_TARGET = 16.0;
				LOCALIZATION_PREFERS_STRING_CATALOGS = YES;
				MTL_ENABLE_DEBUG_INFO = NO;
				MTL_FAST_MATH = YES;
				SDKROOT = iphoneos;
				SWIFT_COMPILATION_MODE = wholemodule;
				VALIDATE_PRODUCT = YES;
			};
			name = Release;
		};
		9D5CC07A2C34B7820075D785 /* Debug */ = {
			isa = XCBuildConfiguration;
			buildSettings = {
				ASSETCATALOG_COMPILER_APPICON_NAME = AppIcon;
				ASSETCATALOG_COMPILER_GLOBAL_ACCENT_COLOR_NAME = AccentColor;
				CODE_SIGN_STYLE = Automatic;
				CURRENT_PROJECT_VERSION = 1;
				DEVELOPMENT_TEAM = P9NXT375QP;
				GENERATE_INFOPLIST_FILE = YES;
				INFOPLIST_FILE = NETFLIX_CLONE/Info.plist;
				INFOPLIST_KEY_UIApplicationSupportsIndirectInputEvents = YES;
				INFOPLIST_KEY_UILaunchStoryboardName = LaunchScreen;
				INFOPLIST_KEY_UISupportedInterfaceOrientations = UIInterfaceOrientationPortrait;
				IPHONEOS_DEPLOYMENT_TARGET = 16.0;
				LD_RUNPATH_SEARCH_PATHS = (
					"$(inherited)",
					"@executable_path/Frameworks",
				);
				MARKETING_VERSION = 1.0;
				PRODUCT_BUNDLE_IDENTIFIER = "com.jungguen.NETFLIX-CLONE";
				PRODUCT_NAME = "$(TARGET_NAME)";
				SWIFT_EMIT_LOC_STRINGS = YES;
				SWIFT_VERSION = 5.0;
				TARGETED_DEVICE_FAMILY = "1,2";
			};
			name = Debug;
		};
		9D5CC07B2C34B7820075D785 /* Release */ = {
			isa = XCBuildConfiguration;
			buildSettings = {
				ASSETCATALOG_COMPILER_APPICON_NAME = AppIcon;
				ASSETCATALOG_COMPILER_GLOBAL_ACCENT_COLOR_NAME = AccentColor;
				CODE_SIGN_STYLE = Automatic;
				CURRENT_PROJECT_VERSION = 1;
				DEVELOPMENT_TEAM = P9NXT375QP;
				GENERATE_INFOPLIST_FILE = YES;
				INFOPLIST_FILE = NETFLIX_CLONE/Info.plist;
				INFOPLIST_KEY_UIApplicationSupportsIndirectInputEvents = YES;
				INFOPLIST_KEY_UILaunchStoryboardName = LaunchScreen;
				INFOPLIST_KEY_UISupportedInterfaceOrientations = UIInterfaceOrientationPortrait;
				IPHONEOS_DEPLOYMENT_TARGET = 16.0;
				LD_RUNPATH_SEARCH_PATHS = (
					"$(inherited)",
					"@executable_path/Frameworks",
				);
				MARKETING_VERSION = 1.0;
				PRODUCT_BUNDLE_IDENTIFIER = "com.jungguen.NETFLIX-CLONE";
				PRODUCT_NAME = "$(TARGET_NAME)";
				SWIFT_EMIT_LOC_STRINGS = YES;
				SWIFT_VERSION = 5.0;
				TARGETED_DEVICE_FAMILY = "1,2";
			};
			name = Release;
		};
		9D5CC07D2C34B7820075D785 /* Debug */ = {
			isa = XCBuildConfiguration;
			buildSettings = {
				ALWAYS_EMBED_SWIFT_STANDARD_LIBRARIES = YES;
				BUNDLE_LOADER = "$(TEST_HOST)";
				CODE_SIGN_STYLE = Automatic;
				CURRENT_PROJECT_VERSION = 1;
				DEVELOPMENT_TEAM = P9NXT375QP;
				GENERATE_INFOPLIST_FILE = YES;
				IPHONEOS_DEPLOYMENT_TARGET = 17.5;
				MARKETING_VERSION = 1.0;
				PRODUCT_BUNDLE_IDENTIFIER = "com.jungguen.NETFLIX-CLONETests";
				PRODUCT_NAME = "$(TARGET_NAME)";
				SWIFT_EMIT_LOC_STRINGS = NO;
				SWIFT_VERSION = 5.0;
				TARGETED_DEVICE_FAMILY = "1,2";
				TEST_HOST = "$(BUILT_PRODUCTS_DIR)/NETFLIX_CLONE.app/$(BUNDLE_EXECUTABLE_FOLDER_PATH)/NETFLIX_CLONE";
			};
			name = Debug;
		};
		9D5CC07E2C34B7820075D785 /* Release */ = {
			isa = XCBuildConfiguration;
			buildSettings = {
				ALWAYS_EMBED_SWIFT_STANDARD_LIBRARIES = YES;
				BUNDLE_LOADER = "$(TEST_HOST)";
				CODE_SIGN_STYLE = Automatic;
				CURRENT_PROJECT_VERSION = 1;
				DEVELOPMENT_TEAM = P9NXT375QP;
				GENERATE_INFOPLIST_FILE = YES;
				IPHONEOS_DEPLOYMENT_TARGET = 17.5;
				MARKETING_VERSION = 1.0;
				PRODUCT_BUNDLE_IDENTIFIER = "com.jungguen.NETFLIX-CLONETests";
				PRODUCT_NAME = "$(TARGET_NAME)";
				SWIFT_EMIT_LOC_STRINGS = NO;
				SWIFT_VERSION = 5.0;
				TARGETED_DEVICE_FAMILY = "1,2";
				TEST_HOST = "$(BUILT_PRODUCTS_DIR)/NETFLIX_CLONE.app/$(BUNDLE_EXECUTABLE_FOLDER_PATH)/NETFLIX_CLONE";
			};
			name = Release;
		};
		9D5CC0802C34B7820075D785 /* Debug */ = {
			isa = XCBuildConfiguration;
			buildSettings = {
				ALWAYS_EMBED_SWIFT_STANDARD_LIBRARIES = YES;
				CODE_SIGN_STYLE = Automatic;
				CURRENT_PROJECT_VERSION = 1;
				DEVELOPMENT_TEAM = P9NXT375QP;
				GENERATE_INFOPLIST_FILE = YES;
				MARKETING_VERSION = 1.0;
				PRODUCT_BUNDLE_IDENTIFIER = "com.jungguen.NETFLIX-CLONEUITests";
				PRODUCT_NAME = "$(TARGET_NAME)";
				SWIFT_EMIT_LOC_STRINGS = NO;
				SWIFT_VERSION = 5.0;
				TARGETED_DEVICE_FAMILY = "1,2";
				TEST_TARGET_NAME = NETFLIX_CLONE;
			};
			name = Debug;
		};
		9D5CC0812C34B7820075D785 /* Release */ = {
			isa = XCBuildConfiguration;
			buildSettings = {
				ALWAYS_EMBED_SWIFT_STANDARD_LIBRARIES = YES;
				CODE_SIGN_STYLE = Automatic;
				CURRENT_PROJECT_VERSION = 1;
				DEVELOPMENT_TEAM = P9NXT375QP;
				GENERATE_INFOPLIST_FILE = YES;
				MARKETING_VERSION = 1.0;
				PRODUCT_BUNDLE_IDENTIFIER = "com.jungguen.NETFLIX-CLONEUITests";
				PRODUCT_NAME = "$(TARGET_NAME)";
				SWIFT_EMIT_LOC_STRINGS = NO;
				SWIFT_VERSION = 5.0;
				TARGETED_DEVICE_FAMILY = "1,2";
				TEST_TARGET_NAME = NETFLIX_CLONE;
			};
			name = Release;
		};
/* End XCBuildConfiguration section */

/* Begin XCConfigurationList section */
		9D5CC0472C34B77F0075D785 /* Build configuration list for PBXProject "NETFLIX_CLONE" */ = {
			isa = XCConfigurationList;
			buildConfigurations = (
				9D5CC0772C34B7820075D785 /* Debug */,
				9D5CC0782C34B7820075D785 /* Release */,
			);
			defaultConfigurationIsVisible = 0;
			defaultConfigurationName = Release;
		};
		9D5CC0792C34B7820075D785 /* Build configuration list for PBXNativeTarget "NETFLIX_CLONE" */ = {
			isa = XCConfigurationList;
			buildConfigurations = (
				9D5CC07A2C34B7820075D785 /* Debug */,
				9D5CC07B2C34B7820075D785 /* Release */,
			);
			defaultConfigurationIsVisible = 0;
			defaultConfigurationName = Release;
		};
		9D5CC07C2C34B7820075D785 /* Build configuration list for PBXNativeTarget "NETFLIX_CLONETests" */ = {
			isa = XCConfigurationList;
			buildConfigurations = (
				9D5CC07D2C34B7820075D785 /* Debug */,
				9D5CC07E2C34B7820075D785 /* Release */,
			);
			defaultConfigurationIsVisible = 0;
			defaultConfigurationName = Release;
		};
		9D5CC07F2C34B7820075D785 /* Build configuration list for PBXNativeTarget "NETFLIX_CLONEUITests" */ = {
			isa = XCConfigurationList;
			buildConfigurations = (
				9D5CC0802C34B7820075D785 /* Debug */,
				9D5CC0812C34B7820075D785 /* Release */,
			);
			defaultConfigurationIsVisible = 0;
			defaultConfigurationName = Release;
		};
/* End XCConfigurationList section */

/* Begin XCRemoteSwiftPackageReference section */
		9D5CC09C2C365FD30075D785 /* XCRemoteSwiftPackageReference "SDWebImage" */ = {
			isa = XCRemoteSwiftPackageReference;
			repositoryURL = "https://github.com/SDWebImage/SDWebImage.git";
			requirement = {
				kind = upToNextMajorVersion;
				minimumVersion = 5.19.4;
			};
		};
/* End XCRemoteSwiftPackageReference section */

/* Begin XCSwiftPackageProductDependency section */
		9D5CC09D2C365FD30075D785 /* SDWebImage */ = {
			isa = XCSwiftPackageProductDependency;
			package = 9D5CC09C2C365FD30075D785 /* XCRemoteSwiftPackageReference "SDWebImage" */;
			productName = SDWebImage;
		};
		9D5CC09F2C365FD30075D785 /* SDWebImageMapKit */ = {
			isa = XCSwiftPackageProductDependency;
			package = 9D5CC09C2C365FD30075D785 /* XCRemoteSwiftPackageReference "SDWebImage" */;
			productName = SDWebImageMapKit;
		};
/* End XCSwiftPackageProductDependency section */

/* Begin XCVersionGroup section */
		9D5CC0582C34B77F0075D785 /* NETFLIX_CLONE.xcdatamodeld */ = {
			isa = XCVersionGroup;
			children = (
				9D5CC0592C34B77F0075D785 /* NETFLIX_CLONE.xcdatamodel */,
			);
			currentVersion = 9D5CC0592C34B77F0075D785 /* NETFLIX_CLONE.xcdatamodel */;
			path = NETFLIX_CLONE.xcdatamodeld;
			sourceTree = "<group>";
			versionGroupType = wrapper.xcdatamodel;
		};
/* End XCVersionGroup section */
	};
	rootObject = 9D5CC0442C34B77F0075D785 /* Project object */;
}
